
Microsoft Visual Studio Solution File, Format Version 12.00
# Visual Studio Version 17
VisualStudioVersion = 17.0.32112.339
MinimumVisualStudioVersion = 10.0.40219.1
Project("{FAE04EC0-301F-11D3-BF4B-00C04F79EFBC}") = "constructoroverloading", "constructoroverloading.csproj", "{8FD2B885-9F64-443C-BA1B-69A53EF5C042}"
EndProject
Global
	GlobalSection(SolutionConfigurationPlatforms) = preSolution
		Debug|Any CPU = Debug|Any CPU
		Release|Any CPU = Release|Any CPU
	EndGlobalSection
	GlobalSection(ProjectConfigurationPlatforms) = postSolution
		{8FD2B885-9F64-443C-BA1B-69A53EF5C042}.Debug|Any CPU.ActiveCfg = Debug|Any CPU
		{8FD2B885-9F64-443C-BA1B-69A53EF5C042}.Debug|Any CPU.Build.0 = Debug|Any CPU
		{8FD2B885-9F64-443C-BA1B-69A53EF5C042}.Release|Any CPU.ActiveCfg = Release|Any CPU
		{8FD2B885-9F64-443C-BA1B-69A53EF5C042}.Release|Any CPU.Build.0 = Release|Any CPU
	EndGlobalSection
	GlobalSection(SolutionProperties) = preSolution
		HideSolutionNode = FALSE
	EndGlobalSection
	GlobalSection(ExtensibilityGlobals) = postSolution
		SolutionGuid = {3509CD26-AE88-4E6E-B10B-822558F6A377}
	EndGlobalSection
EndGlobal
