
Microsoft Visual Studio Solution File, Format Version 12.00
# Visual Studio Version 17
VisualStudioVersion = 17.0.32112.339
MinimumVisualStudioVersion = 10.0.40219.1
Project("{FAE04EC0-301F-11D3-BF4B-00C04F79EFBC}") = "Constructor", "Constructor.csproj", "{B2E11787-CAFE-404A-A98A-1B3F5D282026}"
EndProject
Global
	GlobalSection(SolutionConfigurationPlatforms) = preSolution
		Debug|Any CPU = Debug|Any CPU
		Release|Any CPU = Release|Any CPU
	EndGlobalSection
	GlobalSection(ProjectConfigurationPlatforms) = postSolution
		{B2E11787-CAFE-404A-A98A-1B3F5D282026}.Debug|Any CPU.ActiveCfg = Debug|Any CPU
		{B2E11787-CAFE-404A-A98A-1B3F5D282026}.Debug|Any CPU.Build.0 = Debug|Any CPU
		{B2E11787-CAFE-404A-A98A-1B3F5D282026}.Release|Any CPU.ActiveCfg = Release|Any CPU
		{B2E11787-CAFE-404A-A98A-1B3F5D282026}.Release|Any CPU.Build.0 = Release|Any CPU
	EndGlobalSection
	GlobalSection(SolutionProperties) = preSolution
		HideSolutionNode = FALSE
	EndGlobalSection
	GlobalSection(ExtensibilityGlobals) = postSolution
		SolutionGuid = {D276CD09-E044-4F5F-9475-8846337991BE}
	EndGlobalSection
EndGlobal
