
Microsoft Visual Studio Solution File, Format Version 12.00
# Visual Studio Version 17
VisualStudioVersion = 17.0.32112.339
MinimumVisualStudioVersion = 10.0.40219.1
Project("{FAE04EC0-301F-11D3-BF4B-00C04F79EFBC}") = "Construct", "Construct.csproj", "{15E47273-2A97-4E0A-94F3-AD396A821F16}"
EndProject
Global
	GlobalSection(SolutionConfigurationPlatforms) = preSolution
		Debug|Any CPU = Debug|Any CPU
		Release|Any CPU = Release|Any CPU
	EndGlobalSection
	GlobalSection(ProjectConfigurationPlatforms) = postSolution
		{15E47273-2A97-4E0A-94F3-AD396A821F16}.Debug|Any CPU.ActiveCfg = Debug|Any CPU
		{15E47273-2A97-4E0A-94F3-AD396A821F16}.Debug|Any CPU.Build.0 = Debug|Any CPU
		{15E47273-2A97-4E0A-94F3-AD396A821F16}.Release|Any CPU.ActiveCfg = Release|Any CPU
		{15E47273-2A97-4E0A-94F3-AD396A821F16}.Release|Any CPU.Build.0 = Release|Any CPU
	EndGlobalSection
	GlobalSection(SolutionProperties) = preSolution
		HideSolutionNode = FALSE
	EndGlobalSection
	GlobalSection(ExtensibilityGlobals) = postSolution
		SolutionGuid = {639F95E5-0766-4771-B8EA-EBD35F9AFAAB}
	EndGlobalSection
EndGlobal
